// !$*UTF8*$!
{
	archiveVersion = 1;
	classes = {
	};
	objectVersion = 55;
	objects = {

/* Begin PBXBuildFile section */
		995AD7652990DB1F00810273 /* customEnum.swift in Sources */ = {isa = PBXBuildFile; fileRef = 995AD7642990DB1F00810273 /* customEnum.swift */; };
		995AD77D29921A1000810273 /* SupportDeviceTypesResponseModel.swift in Sources */ = {isa = PBXBuildFile; fileRef = 995AD77C29921A1000810273 /* SupportDeviceTypesResponseModel.swift */; };
		995AD77F2992270300810273 /* AccessArrayResponseModel.swift in Sources */ = {isa = PBXBuildFile; fileRef = 995AD77E2992270300810273 /* AccessArrayResponseModel.swift */; };
		995AD78229922A7000810273 /* Uint8toBit.swift in Sources */ = {isa = PBXBuildFile; fileRef = 995AD78129922A7000810273 /* Uint8toBit.swift */; };
		995AD78429923BF600810273 /* SearchAccessRequestModel.swift in Sources */ = {isa = PBXBuildFile; fileRef = 995AD78329923BF600810273 /* SearchAccessRequestModel.swift */; };
		997EA0152B1044D0003F82DB /* Delegate.swift in Sources */ = {isa = PBXBuildFile; fileRef = 997EA0142B1044CF003F82DB /* Delegate.swift */; };
		9982A20429398C8D00874279 /* Enum.swift in Sources */ = {isa = PBXBuildFile; fileRef = 9982A20329398C8D00874279 /* Enum.swift */; };
		9982A20C293DBDBE00874279 /* DeviceStatusModel.swift in Sources */ = {isa = PBXBuildFile; fileRef = 9982A20B293DBDBE00874279 /* DeviceStatusModel.swift */; };
		9982A270294312A500874279 /* QrCodeService.swift in Sources */ = {isa = PBXBuildFile; fileRef = 9982A26F294312A500874279 /* QrCodeService.swift */; };
		9992E4E52B677C3A00E44AB0 /* UserCredentialModel.swift in Sources */ = {isa = PBXBuildFile; fileRef = 9992E4E42B677C3A00E44AB0 /* UserCredentialModel.swift */; };
		9992E4E72B678E9900E44AB0 /* CredentialStructModel.swift in Sources */ = {isa = PBXBuildFile; fileRef = 9992E4E62B678E9900E44AB0 /* CredentialStructModel.swift */; };
		9992E4E92B67933000E44AB0 /* WeekDayscheduleStructModel.swift in Sources */ = {isa = PBXBuildFile; fileRef = 9992E4E82B67933000E44AB0 /* WeekDayscheduleStructModel.swift */; };
		9992E4EB2B6797D900E44AB0 /* YearDayscheduleStructModel.swift in Sources */ = {isa = PBXBuildFile; fileRef = 9992E4EA2B6797D900E44AB0 /* YearDayscheduleStructModel.swift */; };
		9992E4EF2B68DBFE00E44AB0 /* N9ResponseModel.swift in Sources */ = {isa = PBXBuildFile; fileRef = 9992E4EE2B68DBFE00E44AB0 /* N9ResponseModel.swift */; };
		9992E4F12B69E55D00E44AB0 /* DelUserCredentialRequestModel.swift in Sources */ = {isa = PBXBuildFile; fileRef = 9992E4F02B69E55D00E44AB0 /* DelUserCredentialRequestModel.swift */; };
		9992E4F32B6A26F000E44AB0 /* CredentialModel.swift in Sources */ = {isa = PBXBuildFile; fileRef = 9992E4F22B6A26F000E44AB0 /* CredentialModel.swift */; };
		9992E4F52B6A334700E44AB0 /* CredentialDetailStructModel.swift in Sources */ = {isa = PBXBuildFile; fileRef = 9992E4F42B6A334700E44AB0 /* CredentialDetailStructModel.swift */; };
		9992E4F72B6B26F300E44AB0 /* SearchCredentialRequestModel.swift in Sources */ = {isa = PBXBuildFile; fileRef = 9992E4F62B6B26F300E44AB0 /* SearchCredentialRequestModel.swift */; };
		9992E4F92B6B397900E44AB0 /* SetupCredentialModel.swift in Sources */ = {isa = PBXBuildFile; fileRef = 9992E4F82B6B397900E44AB0 /* SetupCredentialModel.swift */; };
		9992E4FB2B6B3F9800E44AB0 /* SetupCredentialRequestModel.swift in Sources */ = {isa = PBXBuildFile; fileRef = 9992E4FA2B6B3F9800E44AB0 /* SetupCredentialRequestModel.swift */; };
		9992E4FD2B6B401100E44AB0 /* CredentialStructRequestModel.swift in Sources */ = {isa = PBXBuildFile; fileRef = 9992E4FC2B6B401100E44AB0 /* CredentialStructRequestModel.swift */; };
		9992E4FF2B6B430B00E44AB0 /* WeekDayscheduleStructRequestModel.swift in Sources */ = {isa = PBXBuildFile; fileRef = 9992E4FE2B6B430B00E44AB0 /* WeekDayscheduleStructRequestModel.swift */; };
		9992E5012B6B43AE00E44AB0 /* YearDayscheduleStructRequestModel.swift in Sources */ = {isa = PBXBuildFile; fileRef = 9992E5002B6B43AE00E44AB0 /* YearDayscheduleStructRequestModel.swift */; };
		9992E5032B6B440700E44AB0 /* UserCredentialRequestModel.swift in Sources */ = {isa = PBXBuildFile; fileRef = 9992E5022B6B440700E44AB0 /* UserCredentialRequestModel.swift */; };
		9992E5052B6B455100E44AB0 /* CredentialRequestModel.swift in Sources */ = {isa = PBXBuildFile; fileRef = 9992E5042B6B455100E44AB0 /* CredentialRequestModel.swift */; };
		9992E5072B6B45E100E44AB0 /* CredentialDetailStructRequestModel.swift in Sources */ = {isa = PBXBuildFile; fileRef = 9992E5062B6B45E100E44AB0 /* CredentialDetailStructRequestModel.swift */; };
		999848BC2B63828E00C6C0D2 /* RFMCUversionModel.swift in Sources */ = {isa = PBXBuildFile; fileRef = 999848BB2B63828D00C6C0D2 /* RFMCUversionModel.swift */; };
		999848BE2B63866700C6C0D2 /* RFMCURequestModel.swift in Sources */ = {isa = PBXBuildFile; fileRef = 999848BD2B63866700C6C0D2 /* RFMCURequestModel.swift */; };
		999C95392AD634340063BD1F /* OTAStatusRequestModel.swift in Sources */ = {isa = PBXBuildFile; fileRef = 999C95382AD634340063BD1F /* OTAStatusRequestModel.swift */; };
		999C953B2AD638380063BD1F /* OTAResponseModel.swift in Sources */ = {isa = PBXBuildFile; fileRef = 999C953A2AD638380063BD1F /* OTAResponseModel.swift */; };
		999C953D2AD641B60063BD1F /* OTADataRequsetModel.swift in Sources */ = {isa = PBXBuildFile; fileRef = 999C953C2AD641B60063BD1F /* OTADataRequsetModel.swift */; };
		999C953F2AD643750063BD1F /* OTADataResponseModel.swift in Sources */ = {isa = PBXBuildFile; fileRef = 999C953E2AD643750063BD1F /* OTADataResponseModel.swift */; };
		99ACF28929343BA300B35773 /* SunionBluetoothTool.h in Headers */ = {isa = PBXBuildFile; fileRef = 99ACF28829343BA300B35773 /* SunionBluetoothTool.h */; settings = {ATTRIBUTES = (Public, ); }; };
		99ACF2A329343C4500B35773 /* SwiftyJSON in Frameworks */ = {isa = PBXBuildFile; productRef = 99ACF2A229343C4500B35773 /* SwiftyJSON */; };
		99ACF2A629343C5B00B35773 /* ObjectMapper in Frameworks */ = {isa = PBXBuildFile; productRef = 99ACF2A529343C5B00B35773 /* ObjectMapper */; };
		99ACF2A829343D1B00B35773 /* SunionBluetoothTool.swift in Sources */ = {isa = PBXBuildFile; fileRef = 99ACF2A729343D1A00B35773 /* SunionBluetoothTool.swift */; };
		99AEB4FD29347B4900CCAC9C /* BluetoothService.swift in Sources */ = {isa = PBXBuildFile; fileRef = 99AEB4FC29347B4900CCAC9C /* BluetoothService.swift */; };
		99AEB50429347C7600CCAC9C /* AESModel.swift in Sources */ = {isa = PBXBuildFile; fileRef = 99AEB50329347C7600CCAC9C /* AESModel.swift */; };
		99AEB50629347C8800CCAC9C /* CommandService.swift in Sources */ = {isa = PBXBuildFile; fileRef = 99AEB50529347C8800CCAC9C /* CommandService.swift */; };
		99AEB50829347C9A00CCAC9C /* EditAdminCodeModel.swift in Sources */ = {isa = PBXBuildFile; fileRef = 99AEB50729347C9A00CCAC9C /* EditAdminCodeModel.swift */; };
		99AEB50A29347CAA00CCAC9C /* DeviceSetupModel.swift in Sources */ = {isa = PBXBuildFile; fileRef = 99AEB50929347CAA00CCAC9C /* DeviceSetupModel.swift */; };
		99AEB50C29347CBD00CCAC9C /* AddTokenModel.swift in Sources */ = {isa = PBXBuildFile; fileRef = 99AEB50B29347CBD00CCAC9C /* AddTokenModel.swift */; };
		99AEB50E29347CCE00CCAC9C /* EditTokenModel.swift in Sources */ = {isa = PBXBuildFile; fileRef = 99AEB50D29347CCE00CCAC9C /* EditTokenModel.swift */; };
		99AEB51029347CDE00CCAC9C /* TokenModel.swift in Sources */ = {isa = PBXBuildFile; fileRef = 99AEB50F29347CDE00CCAC9C /* TokenModel.swift */; };
		99AEB51229347CEE00CCAC9C /* UserCodeManageModel.swift in Sources */ = {isa = PBXBuildFile; fileRef = 99AEB51129347CEE00CCAC9C /* UserCodeManageModel.swift */; };
		99AEB51429347CFD00CCAC9C /* UserCodeScheduleModel.swift in Sources */ = {isa = PBXBuildFile; fileRef = 99AEB51329347CFD00CCAC9C /* UserCodeScheduleModel.swift */; };
		99AEB51629347D1000CCAC9C /* SSIDModel.swift in Sources */ = {isa = PBXBuildFile; fileRef = 99AEB51529347D1000CCAC9C /* SSIDModel.swift */; };
		99AEB51A29347D3400CCAC9C /* LogModel.swift in Sources */ = {isa = PBXBuildFile; fileRef = 99AEB51929347D3400CCAC9C /* LogModel.swift */; };
		99AEB51C29347D4500CCAC9C /* AddTokenResult.swift in Sources */ = {isa = PBXBuildFile; fileRef = 99AEB51B29347D4500CCAC9C /* AddTokenResult.swift */; };
		99AEB51E29347D5600CCAC9C /* UserCodeArrayModel.swift in Sources */ = {isa = PBXBuildFile; fileRef = 99AEB51D29347D5600CCAC9C /* UserCodeArrayModel.swift */; };
		99AEB52029347D6C00CCAC9C /* UserCodeModelResult.swift in Sources */ = {isa = PBXBuildFile; fileRef = 99AEB51F29347D6C00CCAC9C /* UserCodeModelResult.swift */; };
		99AEB52229347D7C00CCAC9C /* apiResDeivceAccessCodeListAccessCode.swift in Sources */ = {isa = PBXBuildFile; fileRef = 99AEB52129347D7C00CCAC9C /* apiResDeivceAccessCodeListAccessCode.swift */; };
		99AEB52429347D9200CCAC9C /* Extension.swift in Sources */ = {isa = PBXBuildFile; fileRef = 99AEB52329347D9200CCAC9C /* Extension.swift */; };
		99AEB52629347EC000CCAC9C /* BluetoothToolModel.swift in Sources */ = {isa = PBXBuildFile; fileRef = 99AEB52529347EC000CCAC9C /* BluetoothToolModel.swift */; };
		99CB543B29932B6B00A5C06F /* AccessDataResponseModel.swift in Sources */ = {isa = PBXBuildFile; fileRef = 99CB543A29932B6B00A5C06F /* AccessDataResponseModel.swift */; };
		99CB543E29933EDF00A5C06F /* AccessRequestModel.swift in Sources */ = {isa = PBXBuildFile; fileRef = 99CB543D29933EDF00A5C06F /* AccessRequestModel.swift */; };
		99CB54402993685100A5C06F /* AccessResponseModel.swift in Sources */ = {isa = PBXBuildFile; fileRef = 99CB543F2993685100A5C06F /* AccessResponseModel.swift */; };
		99CB54442993742700A5C06F /* SetupAccessRequestModel.swift in Sources */ = {isa = PBXBuildFile; fileRef = 99CB54432993742700A5C06F /* SetupAccessRequestModel.swift */; };
		99CB5446299374EB00A5C06F /* SetupAccessResponseModel.swift in Sources */ = {isa = PBXBuildFile; fileRef = 99CB5445299374EB00A5C06F /* SetupAccessResponseModel.swift */; };
		99CB54482993799300A5C06F /* DelAccessRequestModel.swift in Sources */ = {isa = PBXBuildFile; fileRef = 99CB54472993799300A5C06F /* DelAccessRequestModel.swift */; };
		99CB544A29937A1600A5C06F /* DelAccessResponseModel.swift in Sources */ = {isa = PBXBuildFile; fileRef = 99CB544929937A1600A5C06F /* DelAccessResponseModel.swift */; };
		99E3CA7929CD3BA70028CF2C /* CryptoSwift in Frameworks */ = {isa = PBXBuildFile; productRef = 99E3CA7829CD3BA70028CF2C /* CryptoSwift */; };
		99F3ABB529BF03CA00E29C23 /* AlertResponseModel.swift in Sources */ = {isa = PBXBuildFile; fileRef = 99F3ABB429BF03CA00E29C23 /* AlertResponseModel.swift */; };
		99FE39E02B01FA9B00BAA99B /* plugStatusResponseModel.swift in Sources */ = {isa = PBXBuildFile; fileRef = 99FE39DF2B01FA9B00BAA99B /* plugStatusResponseModel.swift */; };
/* End PBXBuildFile section */

/* Begin PBXFileReference section */
		995AD7642990DB1F00810273 /* customEnum.swift */ = {isa = PBXFileReference; lastKnownFileType = sourcecode.swift; path = customEnum.swift; sourceTree = "<group>"; };
		995AD77C29921A1000810273 /* SupportDeviceTypesResponseModel.swift */ = {isa = PBXFileReference; lastKnownFileType = sourcecode.swift; path = SupportDeviceTypesResponseModel.swift; sourceTree = "<group>"; };
		995AD77E2992270300810273 /* AccessArrayResponseModel.swift */ = {isa = PBXFileReference; lastKnownFileType = sourcecode.swift; path = AccessArrayResponseModel.swift; sourceTree = "<group>"; };
		995AD78129922A7000810273 /* Uint8toBit.swift */ = {isa = PBXFileReference; lastKnownFileType = sourcecode.swift; path = Uint8toBit.swift; sourceTree = "<group>"; };
		995AD78329923BF600810273 /* SearchAccessRequestModel.swift */ = {isa = PBXFileReference; lastKnownFileType = sourcecode.swift; path = SearchAccessRequestModel.swift; sourceTree = "<group>"; };
		997EA0142B1044CF003F82DB /* Delegate.swift */ = {isa = PBXFileReference; lastKnownFileType = sourcecode.swift; path = Delegate.swift; sourceTree = "<group>"; };
		9982A20329398C8D00874279 /* Enum.swift */ = {isa = PBXFileReference; lastKnownFileType = sourcecode.swift; path = Enum.swift; sourceTree = "<group>"; };
		9982A20B293DBDBE00874279 /* DeviceStatusModel.swift */ = {isa = PBXFileReference; lastKnownFileType = sourcecode.swift; path = DeviceStatusModel.swift; sourceTree = "<group>"; };
		9982A26F294312A500874279 /* QrCodeService.swift */ = {isa = PBXFileReference; lastKnownFileType = sourcecode.swift; path = QrCodeService.swift; sourceTree = "<group>"; };
		9992E4E42B677C3A00E44AB0 /* UserCredentialModel.swift */ = {isa = PBXFileReference; lastKnownFileType = sourcecode.swift; path = UserCredentialModel.swift; sourceTree = "<group>"; };
		9992E4E62B678E9900E44AB0 /* CredentialStructModel.swift */ = {isa = PBXFileReference; lastKnownFileType = sourcecode.swift; path = CredentialStructModel.swift; sourceTree = "<group>"; };
		9992E4E82B67933000E44AB0 /* WeekDayscheduleStructModel.swift */ = {isa = PBXFileReference; lastKnownFileType = sourcecode.swift; path = WeekDayscheduleStructModel.swift; sourceTree = "<group>"; };
		9992E4EA2B6797D900E44AB0 /* YearDayscheduleStructModel.swift */ = {isa = PBXFileReference; lastKnownFileType = sourcecode.swift; path = YearDayscheduleStructModel.swift; sourceTree = "<group>"; };
		9992E4EE2B68DBFE00E44AB0 /* N9ResponseModel.swift */ = {isa = PBXFileReference; lastKnownFileType = sourcecode.swift; path = N9ResponseModel.swift; sourceTree = "<group>"; };
		9992E4F02B69E55D00E44AB0 /* DelUserCredentialRequestModel.swift */ = {isa = PBXFileReference; lastKnownFileType = sourcecode.swift; path = DelUserCredentialRequestModel.swift; sourceTree = "<group>"; };
		9992E4F22B6A26F000E44AB0 /* CredentialModel.swift */ = {isa = PBXFileReference; lastKnownFileType = sourcecode.swift; path = CredentialModel.swift; sourceTree = "<group>"; };
		9992E4F42B6A334700E44AB0 /* CredentialDetailStructModel.swift */ = {isa = PBXFileReference; lastKnownFileType = sourcecode.swift; path = CredentialDetailStructModel.swift; sourceTree = "<group>"; };
		9992E4F62B6B26F300E44AB0 /* SearchCredentialRequestModel.swift */ = {isa = PBXFileReference; lastKnownFileType = sourcecode.swift; path = SearchCredentialRequestModel.swift; sourceTree = "<group>"; };
		9992E4F82B6B397900E44AB0 /* SetupCredentialModel.swift */ = {isa = PBXFileReference; lastKnownFileType = sourcecode.swift; path = SetupCredentialModel.swift; sourceTree = "<group>"; };
		9992E4FA2B6B3F9800E44AB0 /* SetupCredentialRequestModel.swift */ = {isa = PBXFileReference; lastKnownFileType = sourcecode.swift; path = SetupCredentialRequestModel.swift; sourceTree = "<group>"; };
		9992E4FC2B6B401100E44AB0 /* CredentialStructRequestModel.swift */ = {isa = PBXFileReference; lastKnownFileType = sourcecode.swift; path = CredentialStructRequestModel.swift; sourceTree = "<group>"; };
		9992E4FE2B6B430B00E44AB0 /* WeekDayscheduleStructRequestModel.swift */ = {isa = PBXFileReference; lastKnownFileType = sourcecode.swift; path = WeekDayscheduleStructRequestModel.swift; sourceTree = "<group>"; };
		9992E5002B6B43AE00E44AB0 /* YearDayscheduleStructRequestModel.swift */ = {isa = PBXFileReference; lastKnownFileType = sourcecode.swift; path = YearDayscheduleStructRequestModel.swift; sourceTree = "<group>"; };
		9992E5022B6B440700E44AB0 /* UserCredentialRequestModel.swift */ = {isa = PBXFileReference; lastKnownFileType = sourcecode.swift; path = UserCredentialRequestModel.swift; sourceTree = "<group>"; };
		9992E5042B6B455100E44AB0 /* CredentialRequestModel.swift */ = {isa = PBXFileReference; lastKnownFileType = sourcecode.swift; path = CredentialRequestModel.swift; sourceTree = "<group>"; };
		9992E5062B6B45E100E44AB0 /* CredentialDetailStructRequestModel.swift */ = {isa = PBXFileReference; lastKnownFileType = sourcecode.swift; path = CredentialDetailStructRequestModel.swift; sourceTree = "<group>"; };
		999848BB2B63828D00C6C0D2 /* RFMCUversionModel.swift */ = {isa = PBXFileReference; lastKnownFileType = sourcecode.swift; path = RFMCUversionModel.swift; sourceTree = "<group>"; };
		999848BD2B63866700C6C0D2 /* RFMCURequestModel.swift */ = {isa = PBXFileReference; lastKnownFileType = sourcecode.swift; path = RFMCURequestModel.swift; sourceTree = "<group>"; };
		999C95382AD634340063BD1F /* OTAStatusRequestModel.swift */ = {isa = PBXFileReference; lastKnownFileType = sourcecode.swift; path = OTAStatusRequestModel.swift; sourceTree = "<group>"; };
		999C953A2AD638380063BD1F /* OTAResponseModel.swift */ = {isa = PBXFileReference; lastKnownFileType = sourcecode.swift; path = OTAResponseModel.swift; sourceTree = "<group>"; };
		999C953C2AD641B60063BD1F /* OTADataRequsetModel.swift */ = {isa = PBXFileReference; lastKnownFileType = sourcecode.swift; path = OTADataRequsetModel.swift; sourceTree = "<group>"; };
		999C953E2AD643750063BD1F /* OTADataResponseModel.swift */ = {isa = PBXFileReference; lastKnownFileType = sourcecode.swift; path = OTADataResponseModel.swift; sourceTree = "<group>"; };
		99ACF28529343BA300B35773 /* SunionBluetoothTool.framework */ = {isa = PBXFileReference; explicitFileType = wrapper.framework; includeInIndex = 0; path = SunionBluetoothTool.framework; sourceTree = BUILT_PRODUCTS_DIR; };
		99ACF28829343BA300B35773 /* SunionBluetoothTool.h */ = {isa = PBXFileReference; lastKnownFileType = sourcecode.c.h; path = SunionBluetoothTool.h; sourceTree = "<group>"; };
		99ACF2A729343D1A00B35773 /* SunionBluetoothTool.swift */ = {isa = PBXFileReference; lastKnownFileType = sourcecode.swift; path = SunionBluetoothTool.swift; sourceTree = "<group>"; };
		99AEB4FC29347B4900CCAC9C /* BluetoothService.swift */ = {isa = PBXFileReference; lastKnownFileType = sourcecode.swift; path = BluetoothService.swift; sourceTree = "<group>"; };
		99AEB50329347C7600CCAC9C /* AESModel.swift */ = {isa = PBXFileReference; lastKnownFileType = sourcecode.swift; path = AESModel.swift; sourceTree = "<group>"; };
		99AEB50529347C8800CCAC9C /* CommandService.swift */ = {isa = PBXFileReference; lastKnownFileType = sourcecode.swift; path = CommandService.swift; sourceTree = "<group>"; };
		99AEB50729347C9A00CCAC9C /* EditAdminCodeModel.swift */ = {isa = PBXFileReference; lastKnownFileType = sourcecode.swift; path = EditAdminCodeModel.swift; sourceTree = "<group>"; };
		99AEB50929347CAA00CCAC9C /* DeviceSetupModel.swift */ = {isa = PBXFileReference; lastKnownFileType = sourcecode.swift; path = DeviceSetupModel.swift; sourceTree = "<group>"; };
		99AEB50B29347CBD00CCAC9C /* AddTokenModel.swift */ = {isa = PBXFileReference; lastKnownFileType = sourcecode.swift; path = AddTokenModel.swift; sourceTree = "<group>"; };
		99AEB50D29347CCE00CCAC9C /* EditTokenModel.swift */ = {isa = PBXFileReference; lastKnownFileType = sourcecode.swift; path = EditTokenModel.swift; sourceTree = "<group>"; };
		99AEB50F29347CDE00CCAC9C /* TokenModel.swift */ = {isa = PBXFileReference; lastKnownFileType = sourcecode.swift; path = TokenModel.swift; sourceTree = "<group>"; };
		99AEB51129347CEE00CCAC9C /* UserCodeManageModel.swift */ = {isa = PBXFileReference; lastKnownFileType = sourcecode.swift; path = UserCodeManageModel.swift; sourceTree = "<group>"; };
		99AEB51329347CFD00CCAC9C /* UserCodeScheduleModel.swift */ = {isa = PBXFileReference; lastKnownFileType = sourcecode.swift; path = UserCodeScheduleModel.swift; sourceTree = "<group>"; };
		99AEB51529347D1000CCAC9C /* SSIDModel.swift */ = {isa = PBXFileReference; lastKnownFileType = sourcecode.swift; path = SSIDModel.swift; sourceTree = "<group>"; };
		99AEB51929347D3400CCAC9C /* LogModel.swift */ = {isa = PBXFileReference; lastKnownFileType = sourcecode.swift; path = LogModel.swift; sourceTree = "<group>"; };
		99AEB51B29347D4500CCAC9C /* AddTokenResult.swift */ = {isa = PBXFileReference; lastKnownFileType = sourcecode.swift; path = AddTokenResult.swift; sourceTree = "<group>"; };
		99AEB51D29347D5600CCAC9C /* UserCodeArrayModel.swift */ = {isa = PBXFileReference; lastKnownFileType = sourcecode.swift; path = UserCodeArrayModel.swift; sourceTree = "<group>"; };
		99AEB51F29347D6C00CCAC9C /* UserCodeModelResult.swift */ = {isa = PBXFileReference; lastKnownFileType = sourcecode.swift; path = UserCodeModelResult.swift; sourceTree = "<group>"; };
		99AEB52129347D7C00CCAC9C /* apiResDeivceAccessCodeListAccessCode.swift */ = {isa = PBXFileReference; lastKnownFileType = sourcecode.swift; path = apiResDeivceAccessCodeListAccessCode.swift; sourceTree = "<group>"; };
		99AEB52329347D9200CCAC9C /* Extension.swift */ = {isa = PBXFileReference; lastKnownFileType = sourcecode.swift; path = Extension.swift; sourceTree = "<group>"; };
		99AEB52529347EC000CCAC9C /* BluetoothToolModel.swift */ = {isa = PBXFileReference; lastKnownFileType = sourcecode.swift; path = BluetoothToolModel.swift; sourceTree = "<group>"; };
		99CB543A29932B6B00A5C06F /* AccessDataResponseModel.swift */ = {isa = PBXFileReference; lastKnownFileType = sourcecode.swift; path = AccessDataResponseModel.swift; sourceTree = "<group>"; };
		99CB543D29933EDF00A5C06F /* AccessRequestModel.swift */ = {isa = PBXFileReference; lastKnownFileType = sourcecode.swift; path = AccessRequestModel.swift; sourceTree = "<group>"; };
		99CB543F2993685100A5C06F /* AccessResponseModel.swift */ = {isa = PBXFileReference; lastKnownFileType = sourcecode.swift; path = AccessResponseModel.swift; sourceTree = "<group>"; };
		99CB54432993742700A5C06F /* SetupAccessRequestModel.swift */ = {isa = PBXFileReference; lastKnownFileType = sourcecode.swift; path = SetupAccessRequestModel.swift; sourceTree = "<group>"; };
		99CB5445299374EB00A5C06F /* SetupAccessResponseModel.swift */ = {isa = PBXFileReference; lastKnownFileType = sourcecode.swift; path = SetupAccessResponseModel.swift; sourceTree = "<group>"; };
		99CB54472993799300A5C06F /* DelAccessRequestModel.swift */ = {isa = PBXFileReference; lastKnownFileType = sourcecode.swift; path = DelAccessRequestModel.swift; sourceTree = "<group>"; };
		99CB544929937A1600A5C06F /* DelAccessResponseModel.swift */ = {isa = PBXFileReference; lastKnownFileType = sourcecode.swift; path = DelAccessResponseModel.swift; sourceTree = "<group>"; };
		99F3ABB429BF03CA00E29C23 /* AlertResponseModel.swift */ = {isa = PBXFileReference; lastKnownFileType = sourcecode.swift; path = AlertResponseModel.swift; sourceTree = "<group>"; };
		99FE39DF2B01FA9B00BAA99B /* plugStatusResponseModel.swift */ = {isa = PBXFileReference; lastKnownFileType = sourcecode.swift; path = plugStatusResponseModel.swift; sourceTree = "<group>"; };
/* End PBXFileReference section */

/* Begin PBXFrameworksBuildPhase section */
		99ACF28229343BA300B35773 /* Frameworks */ = {
			isa = PBXFrameworksBuildPhase;
			buildActionMask = 2147483647;
			files = (
				99ACF2A329343C4500B35773 /* SwiftyJSON in Frameworks */,
				99ACF2A629343C5B00B35773 /* ObjectMapper in Frameworks */,
				99E3CA7929CD3BA70028CF2C /* CryptoSwift in Frameworks */,
			);
			runOnlyForDeploymentPostprocessing = 0;
		};
/* End PBXFrameworksBuildPhase section */

/* Begin PBXGroup section */
		995AD78029922A5600810273 /* Tools */ = {
			isa = PBXGroup;
			children = (
				995AD78129922A7000810273 /* Uint8toBit.swift */,
			);
			path = Tools;
			sourceTree = "<group>";
		};
		99ACF27B29343BA300B35773 = {
			isa = PBXGroup;
			children = (
				99ACF28729343BA300B35773 /* SunionBluetoothTool */,
				99ACF28629343BA300B35773 /* Products */,
			);
			sourceTree = "<group>";
		};
		99ACF28629343BA300B35773 /* Products */ = {
			isa = PBXGroup;
			children = (
				99ACF28529343BA300B35773 /* SunionBluetoothTool.framework */,
			);
			name = Products;
			sourceTree = "<group>";
		};
		99ACF28729343BA300B35773 /* SunionBluetoothTool */ = {
			isa = PBXGroup;
			children = (
				995AD78029922A5600810273 /* Tools */,
				99AEB50029347C4A00CCAC9C /* Model */,
				99ACF28829343BA300B35773 /* SunionBluetoothTool.h */,
				99ACF2A729343D1A00B35773 /* SunionBluetoothTool.swift */,
				99AEB4FC29347B4900CCAC9C /* BluetoothService.swift */,
				9982A26F294312A500874279 /* QrCodeService.swift */,
				99AEB52329347D9200CCAC9C /* Extension.swift */,
				9982A20329398C8D00874279 /* Enum.swift */,
				997EA0142B1044CF003F82DB /* Delegate.swift */,
			);
			path = SunionBluetoothTool;
			sourceTree = "<group>";
		};
		99AEB50029347C4A00CCAC9C /* Model */ = {
			isa = PBXGroup;
			children = (
				99CB5441299369E300A5C06F /* request */,
				99CB5442299369EB00A5C06F /* response */,
				99AEB50329347C7600CCAC9C /* AESModel.swift */,
				99AEB50529347C8800CCAC9C /* CommandService.swift */,
				99AEB50929347CAA00CCAC9C /* DeviceSetupModel.swift */,
				99AEB52529347EC000CCAC9C /* BluetoothToolModel.swift */,
				9982A20B293DBDBE00874279 /* DeviceStatusModel.swift */,
				995AD7642990DB1F00810273 /* customEnum.swift */,
			);
			path = Model;
			sourceTree = "<group>";
		};
		99CB5441299369E300A5C06F /* request */ = {
			isa = PBXGroup;
			children = (
				99AEB50729347C9A00CCAC9C /* EditAdminCodeModel.swift */,
				99AEB51329347CFD00CCAC9C /* UserCodeScheduleModel.swift */,
				99AEB51129347CEE00CCAC9C /* UserCodeManageModel.swift */,
				99AEB50B29347CBD00CCAC9C /* AddTokenModel.swift */,
				99AEB50D29347CCE00CCAC9C /* EditTokenModel.swift */,
				99CB543D29933EDF00A5C06F /* AccessRequestModel.swift */,
				995AD78329923BF600810273 /* SearchAccessRequestModel.swift */,
				99CB54432993742700A5C06F /* SetupAccessRequestModel.swift */,
				99CB54472993799300A5C06F /* DelAccessRequestModel.swift */,
				999C95382AD634340063BD1F /* OTAStatusRequestModel.swift */,
				999C953C2AD641B60063BD1F /* OTADataRequsetModel.swift */,
				999848BD2B63866700C6C0D2 /* RFMCURequestModel.swift */,
				9992E4F02B69E55D00E44AB0 /* DelUserCredentialRequestModel.swift */,
				9992E4F62B6B26F300E44AB0 /* SearchCredentialRequestModel.swift */,
				9992E4FA2B6B3F9800E44AB0 /* SetupCredentialRequestModel.swift */,
				9992E4FC2B6B401100E44AB0 /* CredentialStructRequestModel.swift */,
				9992E4FE2B6B430B00E44AB0 /* WeekDayscheduleStructRequestModel.swift */,
				9992E5002B6B43AE00E44AB0 /* YearDayscheduleStructRequestModel.swift */,
				9992E5022B6B440700E44AB0 /* UserCredentialRequestModel.swift */,
				9992E5042B6B455100E44AB0 /* CredentialRequestModel.swift */,
				9992E5062B6B45E100E44AB0 /* CredentialDetailStructRequestModel.swift */,
			);
			path = request;
			sourceTree = "<group>";
		};
		99CB5442299369EB00A5C06F /* response */ = {
			isa = PBXGroup;
			children = (
				99AEB52129347D7C00CCAC9C /* apiResDeivceAccessCodeListAccessCode.swift */,
				99AEB51F29347D6C00CCAC9C /* UserCodeModelResult.swift */,
				99AEB51D29347D5600CCAC9C /* UserCodeArrayModel.swift */,
				99AEB51B29347D4500CCAC9C /* AddTokenResult.swift */,
				99AEB51929347D3400CCAC9C /* LogModel.swift */,
				99AEB51529347D1000CCAC9C /* SSIDModel.swift */,
				99AEB50F29347CDE00CCAC9C /* TokenModel.swift */,
				995AD77C29921A1000810273 /* SupportDeviceTypesResponseModel.swift */,
				995AD77E2992270300810273 /* AccessArrayResponseModel.swift */,
				99CB543A29932B6B00A5C06F /* AccessDataResponseModel.swift */,
				99CB543F2993685100A5C06F /* AccessResponseModel.swift */,
				99CB5445299374EB00A5C06F /* SetupAccessResponseModel.swift */,
				99CB544929937A1600A5C06F /* DelAccessResponseModel.swift */,
				99F3ABB429BF03CA00E29C23 /* AlertResponseModel.swift */,
				999C953A2AD638380063BD1F /* OTAResponseModel.swift */,
				999C953E2AD643750063BD1F /* OTADataResponseModel.swift */,
				99FE39DF2B01FA9B00BAA99B /* plugStatusResponseModel.swift */,
				999848BB2B63828D00C6C0D2 /* RFMCUversionModel.swift */,
				9992E4E42B677C3A00E44AB0 /* UserCredentialModel.swift */,
				9992E4E62B678E9900E44AB0 /* CredentialStructModel.swift */,
				9992E4E82B67933000E44AB0 /* WeekDayscheduleStructModel.swift */,
				9992E4EA2B6797D900E44AB0 /* YearDayscheduleStructModel.swift */,
				9992E4EE2B68DBFE00E44AB0 /* N9ResponseModel.swift */,
				9992E4F22B6A26F000E44AB0 /* CredentialModel.swift */,
				9992E4F42B6A334700E44AB0 /* CredentialDetailStructModel.swift */,
				9992E4F82B6B397900E44AB0 /* SetupCredentialModel.swift */,
			);
			path = response;
			sourceTree = "<group>";
		};
/* End PBXGroup section */

/* Begin PBXHeadersBuildPhase section */
		99ACF28029343BA300B35773 /* Headers */ = {
			isa = PBXHeadersBuildPhase;
			buildActionMask = 2147483647;
			files = (
				99ACF28929343BA300B35773 /* SunionBluetoothTool.h in Headers */,
			);
			runOnlyForDeploymentPostprocessing = 0;
		};
/* End PBXHeadersBuildPhase section */

/* Begin PBXNativeTarget section */
		99ACF28429343BA300B35773 /* SunionBluetoothTool */ = {
			isa = PBXNativeTarget;
			buildConfigurationList = 99ACF28C29343BA300B35773 /* Build configuration list for PBXNativeTarget "SunionBluetoothTool" */;
			buildPhases = (
				99ACF28029343BA300B35773 /* Headers */,
				99ACF28129343BA300B35773 /* Sources */,
				99ACF28229343BA300B35773 /* Frameworks */,
				99ACF28329343BA300B35773 /* Resources */,
			);
			buildRules = (
			);
			dependencies = (
			);
			name = SunionBluetoothTool;
			packageProductDependencies = (
				99ACF2A229343C4500B35773 /* SwiftyJSON */,
				99ACF2A529343C5B00B35773 /* ObjectMapper */,
				99E3CA7829CD3BA70028CF2C /* CryptoSwift */,
			);
			productName = SunionBluetoothTool;
			productReference = 99ACF28529343BA300B35773 /* SunionBluetoothTool.framework */;
			productType = "com.apple.product-type.framework";
		};
/* End PBXNativeTarget section */

/* Begin PBXProject section */
		99ACF27C29343BA300B35773 /* Project object */ = {
			isa = PBXProject;
			attributes = {
				BuildIndependentTargetsInParallel = 1;
				LastUpgradeCheck = 1340;
				TargetAttributes = {
					99ACF28429343BA300B35773 = {
						CreatedOnToolsVersion = 13.4.1;
						LastSwiftMigration = 1340;
					};
				};
			};
			buildConfigurationList = 99ACF27F29343BA300B35773 /* Build configuration list for PBXProject "SunionBluetoothTool" */;
			compatibilityVersion = "Xcode 13.0";
			developmentRegion = en;
			hasScannedForEncodings = 0;
			knownRegions = (
				en,
				Base,
			);
			mainGroup = 99ACF27B29343BA300B35773;
			packageReferences = (
				99ACF2A129343C4500B35773 /* XCRemoteSwiftPackageReference "SwiftyJSON" */,
				99ACF2A429343C5B00B35773 /* XCRemoteSwiftPackageReference "ObjectMapper" */,
				99E3CA7729CD3BA70028CF2C /* XCRemoteSwiftPackageReference "CryptoSwift" */,
			);
			productRefGroup = 99ACF27B29343BA300B35773;
			projectDirPath = "";
			projectRoot = "";
			targets = (
				99ACF28429343BA300B35773 /* SunionBluetoothTool */,
			);
		};
/* End PBXProject section */

/* Begin PBXResourcesBuildPhase section */
		99ACF28329343BA300B35773 /* Resources */ = {
			isa = PBXResourcesBuildPhase;
			buildActionMask = 2147483647;
			files = (
			);
			runOnlyForDeploymentPostprocessing = 0;
		};
/* End PBXResourcesBuildPhase section */

/* Begin PBXSourcesBuildPhase section */
		99ACF28129343BA300B35773 /* Sources */ = {
			isa = PBXSourcesBuildPhase;
			buildActionMask = 2147483647;
			files = (
				9992E5012B6B43AE00E44AB0 /* YearDayscheduleStructRequestModel.swift in Sources */,
				99AEB51A29347D3400CCAC9C /* LogModel.swift in Sources */,
				9982A20C293DBDBE00874279 /* DeviceStatusModel.swift in Sources */,
				99AEB51229347CEE00CCAC9C /* UserCodeManageModel.swift in Sources */,
				9992E4F92B6B397900E44AB0 /* SetupCredentialModel.swift in Sources */,
				999C953B2AD638380063BD1F /* OTAResponseModel.swift in Sources */,
				99FE39E02B01FA9B00BAA99B /* plugStatusResponseModel.swift in Sources */,
				995AD78429923BF600810273 /* SearchAccessRequestModel.swift in Sources */,
				99AEB51429347CFD00CCAC9C /* UserCodeScheduleModel.swift in Sources */,
				99AEB51C29347D4500CCAC9C /* AddTokenResult.swift in Sources */,
				9992E4F72B6B26F300E44AB0 /* SearchCredentialRequestModel.swift in Sources */,
				99AEB50429347C7600CCAC9C /* AESModel.swift in Sources */,
				99CB54442993742700A5C06F /* SetupAccessRequestModel.swift in Sources */,
				9992E4F52B6A334700E44AB0 /* CredentialDetailStructModel.swift in Sources */,
				99CB544A29937A1600A5C06F /* DelAccessResponseModel.swift in Sources */,
				99AEB51029347CDE00CCAC9C /* TokenModel.swift in Sources */,
				9992E5072B6B45E100E44AB0 /* CredentialDetailStructRequestModel.swift in Sources */,
				99CB54482993799300A5C06F /* DelAccessRequestModel.swift in Sources */,
				9992E4FD2B6B401100E44AB0 /* CredentialStructRequestModel.swift in Sources */,
				995AD78229922A7000810273 /* Uint8toBit.swift in Sources */,
				99AEB52629347EC000CCAC9C /* BluetoothToolModel.swift in Sources */,
				9992E5052B6B455100E44AB0 /* CredentialRequestModel.swift in Sources */,
				995AD7652990DB1F00810273 /* customEnum.swift in Sources */,
				99CB543B29932B6B00A5C06F /* AccessDataResponseModel.swift in Sources */,
				99AEB50629347C8800CCAC9C /* CommandService.swift in Sources */,
				999848BC2B63828E00C6C0D2 /* RFMCUversionModel.swift in Sources */,
				9992E5032B6B440700E44AB0 /* UserCredentialRequestModel.swift in Sources */,
				99AEB50C29347CBD00CCAC9C /* AddTokenModel.swift in Sources */,
				99CB543E29933EDF00A5C06F /* AccessRequestModel.swift in Sources */,
				995AD77F2992270300810273 /* AccessArrayResponseModel.swift in Sources */,
				99CB54402993685100A5C06F /* AccessResponseModel.swift in Sources */,
				9992E4EF2B68DBFE00E44AB0 /* N9ResponseModel.swift in Sources */,
				99AEB4FD29347B4900CCAC9C /* BluetoothService.swift in Sources */,
				9992E4FB2B6B3F9800E44AB0 /* SetupCredentialRequestModel.swift in Sources */,
				995AD77D29921A1000810273 /* SupportDeviceTypesResponseModel.swift in Sources */,
				999848BE2B63866700C6C0D2 /* RFMCURequestModel.swift in Sources */,
				997EA0152B1044D0003F82DB /* Delegate.swift in Sources */,
				9982A20429398C8D00874279 /* Enum.swift in Sources */,
				9992E4EB2B6797D900E44AB0 /* YearDayscheduleStructModel.swift in Sources */,
				999C953D2AD641B60063BD1F /* OTADataRequsetModel.swift in Sources */,
				99AEB52029347D6C00CCAC9C /* UserCodeModelResult.swift in Sources */,
				99ACF2A829343D1B00B35773 /* SunionBluetoothTool.swift in Sources */,
				99AEB50829347C9A00CCAC9C /* EditAdminCodeModel.swift in Sources */,
				9992E4F32B6A26F000E44AB0 /* CredentialModel.swift in Sources */,
				9992E4F12B69E55D00E44AB0 /* DelUserCredentialRequestModel.swift in Sources */,
				9992E4E92B67933000E44AB0 /* WeekDayscheduleStructModel.swift in Sources */,
				99AEB52429347D9200CCAC9C /* Extension.swift in Sources */,
				99AEB52229347D7C00CCAC9C /* apiResDeivceAccessCodeListAccessCode.swift in Sources */,
				999C95392AD634340063BD1F /* OTAStatusRequestModel.swift in Sources */,
				99AEB50A29347CAA00CCAC9C /* DeviceSetupModel.swift in Sources */,
				999C953F2AD643750063BD1F /* OTADataResponseModel.swift in Sources */,
				9982A270294312A500874279 /* QrCodeService.swift in Sources */,
				9992E4FF2B6B430B00E44AB0 /* WeekDayscheduleStructRequestModel.swift in Sources */,
				99F3ABB529BF03CA00E29C23 /* AlertResponseModel.swift in Sources */,
				99CB5446299374EB00A5C06F /* SetupAccessResponseModel.swift in Sources */,
				99AEB51E29347D5600CCAC9C /* UserCodeArrayModel.swift in Sources */,
				9992E4E52B677C3A00E44AB0 /* UserCredentialModel.swift in Sources */,
				99AEB51629347D1000CCAC9C /* SSIDModel.swift in Sources */,
				9992E4E72B678E9900E44AB0 /* CredentialStructModel.swift in Sources */,
				99AEB50E29347CCE00CCAC9C /* EditTokenModel.swift in Sources */,
			);
			runOnlyForDeploymentPostprocessing = 0;
		};
/* End PBXSourcesBuildPhase section */

/* Begin XCBuildConfiguration section */
		99ACF28A29343BA300B35773 /* Debug */ = {
			isa = XCBuildConfiguration;
			buildSettings = {
				ALWAYS_SEARCH_USER_PATHS = NO;
				ARCHS = "$(ARCHS_STANDARD)";
				CLANG_ANALYZER_NONNULL = YES;
				CLANG_ANALYZER_NUMBER_OBJECT_CONVERSION = YES_AGGRESSIVE;
				CLANG_CXX_LANGUAGE_STANDARD = "gnu++17";
				CLANG_ENABLE_MODULES = YES;
				CLANG_ENABLE_OBJC_ARC = YES;
				CLANG_ENABLE_OBJC_WEAK = YES;
				CLANG_WARN_BLOCK_CAPTURE_AUTORELEASING = YES;
				CLANG_WARN_BOOL_CONVERSION = YES;
				CLANG_WARN_COMMA = YES;
				CLANG_WARN_CONSTANT_CONVERSION = YES;
				CLANG_WARN_DEPRECATED_OBJC_IMPLEMENTATIONS = YES;
				CLANG_WARN_DIRECT_OBJC_ISA_USAGE = YES_ERROR;
				CLANG_WARN_DOCUMENTATION_COMMENTS = YES;
				CLANG_WARN_EMPTY_BODY = YES;
				CLANG_WARN_ENUM_CONVERSION = YES;
				CLANG_WARN_INFINITE_RECURSION = YES;
				CLANG_WARN_INT_CONVERSION = YES;
				CLANG_WARN_NON_LITERAL_NULL_CONVERSION = YES;
				CLANG_WARN_OBJC_IMPLICIT_RETAIN_SELF = YES;
				CLANG_WARN_OBJC_LITERAL_CONVERSION = YES;
				CLANG_WARN_OBJC_ROOT_CLASS = YES_ERROR;
				CLANG_WARN_QUOTED_INCLUDE_IN_FRAMEWORK_HEADER = YES;
				CLANG_WARN_RANGE_LOOP_ANALYSIS = YES;
				CLANG_WARN_STRICT_PROTOTYPES = YES;
				CLANG_WARN_SUSPICIOUS_MOVE = YES;
				CLANG_WARN_UNGUARDED_AVAILABILITY = YES_AGGRESSIVE;
				CLANG_WARN_UNREACHABLE_CODE = YES;
				CLANG_WARN__DUPLICATE_METHOD_MATCH = YES;
				COPY_PHASE_STRIP = NO;
				CURRENT_PROJECT_VERSION = 1;
				DEBUG_INFORMATION_FORMAT = dwarf;
				ENABLE_STRICT_OBJC_MSGSEND = YES;
				ENABLE_TESTABILITY = YES;
				GCC_C_LANGUAGE_STANDARD = gnu11;
				GCC_DYNAMIC_NO_PIC = NO;
				GCC_NO_COMMON_BLOCKS = YES;
				GCC_OPTIMIZATION_LEVEL = 0;
				GCC_PREPROCESSOR_DEFINITIONS = (
					"DEBUG=1",
					"$(inherited)",
				);
				GCC_WARN_64_TO_32_BIT_CONVERSION = YES;
				GCC_WARN_ABOUT_RETURN_TYPE = YES_ERROR;
				GCC_WARN_UNDECLARED_SELECTOR = YES;
				GCC_WARN_UNINITIALIZED_AUTOS = YES_AGGRESSIVE;
				GCC_WARN_UNUSED_FUNCTION = YES;
				GCC_WARN_UNUSED_VARIABLE = YES;
				IPHONEOS_DEPLOYMENT_TARGET = 12.1;
				MTL_ENABLE_DEBUG_INFO = INCLUDE_SOURCE;
				MTL_FAST_MATH = YES;
				ONLY_ACTIVE_ARCH = YES;
				SDKROOT = iphoneos;
				SWIFT_ACTIVE_COMPILATION_CONDITIONS = DEBUG;
				SWIFT_OPTIMIZATION_LEVEL = "-Onone";
				VERSIONING_SYSTEM = "apple-generic";
				VERSION_INFO_PREFIX = "";
			};
			name = Debug;
		};
		99ACF28B29343BA300B35773 /* Release */ = {
			isa = XCBuildConfiguration;
			buildSettings = {
				ALWAYS_SEARCH_USER_PATHS = NO;
				ARCHS = "$(ARCHS_STANDARD)";
				CLANG_ANALYZER_NONNULL = YES;
				CLANG_ANALYZER_NUMBER_OBJECT_CONVERSION = YES_AGGRESSIVE;
				CLANG_CXX_LANGUAGE_STANDARD = "gnu++17";
				CLANG_ENABLE_MODULES = YES;
				CLANG_ENABLE_OBJC_ARC = YES;
				CLANG_ENABLE_OBJC_WEAK = YES;
				CLANG_WARN_BLOCK_CAPTURE_AUTORELEASING = YES;
				CLANG_WARN_BOOL_CONVERSION = YES;
				CLANG_WARN_COMMA = YES;
				CLANG_WARN_CONSTANT_CONVERSION = YES;
				CLANG_WARN_DEPRECATED_OBJC_IMPLEMENTATIONS = YES;
				CLANG_WARN_DIRECT_OBJC_ISA_USAGE = YES_ERROR;
				CLANG_WARN_DOCUMENTATION_COMMENTS = YES;
				CLANG_WARN_EMPTY_BODY = YES;
				CLANG_WARN_ENUM_CONVERSION = YES;
				CLANG_WARN_INFINITE_RECURSION = YES;
				CLANG_WARN_INT_CONVERSION = YES;
				CLANG_WARN_NON_LITERAL_NULL_CONVERSION = YES;
				CLANG_WARN_OBJC_IMPLICIT_RETAIN_SELF = YES;
				CLANG_WARN_OBJC_LITERAL_CONVERSION = YES;
				CLANG_WARN_OBJC_ROOT_CLASS = YES_ERROR;
				CLANG_WARN_QUOTED_INCLUDE_IN_FRAMEWORK_HEADER = YES;
				CLANG_WARN_RANGE_LOOP_ANALYSIS = YES;
				CLANG_WARN_STRICT_PROTOTYPES = YES;
				CLANG_WARN_SUSPICIOUS_MOVE = YES;
				CLANG_WARN_UNGUARDED_AVAILABILITY = YES_AGGRESSIVE;
				CLANG_WARN_UNREACHABLE_CODE = YES;
				CLANG_WARN__DUPLICATE_METHOD_MATCH = YES;
				COPY_PHASE_STRIP = NO;
				CURRENT_PROJECT_VERSION = 1;
				DEBUG_INFORMATION_FORMAT = "dwarf-with-dsym";
				ENABLE_NS_ASSERTIONS = NO;
				ENABLE_STRICT_OBJC_MSGSEND = YES;
				GCC_C_LANGUAGE_STANDARD = gnu11;
				GCC_NO_COMMON_BLOCKS = YES;
				GCC_WARN_64_TO_32_BIT_CONVERSION = YES;
				GCC_WARN_ABOUT_RETURN_TYPE = YES_ERROR;
				GCC_WARN_UNDECLARED_SELECTOR = YES;
				GCC_WARN_UNINITIALIZED_AUTOS = YES_AGGRESSIVE;
				GCC_WARN_UNUSED_FUNCTION = YES;
				GCC_WARN_UNUSED_VARIABLE = YES;
				IPHONEOS_DEPLOYMENT_TARGET = 12.1;
				MTL_ENABLE_DEBUG_INFO = NO;
				MTL_FAST_MATH = YES;
				SDKROOT = iphoneos;
				SWIFT_COMPILATION_MODE = wholemodule;
				SWIFT_OPTIMIZATION_LEVEL = "-O";
				VALIDATE_PRODUCT = YES;
				VERSIONING_SYSTEM = "apple-generic";
				VERSION_INFO_PREFIX = "";
			};
			name = Release;
		};
		99ACF28D29343BA300B35773 /* Debug */ = {
			isa = XCBuildConfiguration;
			buildSettings = {
				ARCHS = "$(ARCHS_STANDARD)";
				CLANG_ENABLE_MODULES = YES;
				CODE_SIGN_STYLE = Automatic;
				CURRENT_PROJECT_VERSION = 1;
				DEAD_CODE_STRIPPING = NO;
				DEFINES_MODULE = YES;
				DEVELOPMENT_TEAM = ZNT9B6HZSC;
				DYLIB_COMPATIBILITY_VERSION = 1;
				DYLIB_CURRENT_VERSION = 1;
				DYLIB_INSTALL_NAME_BASE = "@rpath";
				GENERATE_INFOPLIST_FILE = YES;
				INFOPLIST_KEY_NSHumanReadableCopyright = "";
				INSTALL_PATH = "$(LOCAL_LIBRARY_DIR)/Frameworks";
				IPHONEOS_DEPLOYMENT_TARGET = 12.1;
				LD_RUNPATH_SEARCH_PATHS = (
					"$(inherited)",
					"@executable_path/Frameworks",
					"@loader_path/Frameworks",
				);
				MACH_O_TYPE = staticlib;
				MARKETING_VERSION = 1.0;
				PRODUCT_BUNDLE_IDENTIFIER = Bing.chicho.SunionBluetoothTool;
				PRODUCT_NAME = "$(TARGET_NAME:c99extidentifier)";
				SKIP_INSTALL = YES;
				SUPPORTS_MACCATALYST = NO;
				SWIFT_EMIT_LOC_STRINGS = YES;
				SWIFT_OPTIMIZATION_LEVEL = "-Onone";
				SWIFT_VERSION = 5.0;
				TARGETED_DEVICE_FAMILY = 1;
			};
			name = Debug;
		};
		99ACF28E29343BA300B35773 /* Release */ = {
			isa = XCBuildConfiguration;
			buildSettings = {
				ARCHS = "$(ARCHS_STANDARD)";
				CLANG_ENABLE_MODULES = YES;
				CODE_SIGN_STYLE = Automatic;
				CURRENT_PROJECT_VERSION = 1;
				DEAD_CODE_STRIPPING = NO;
				DEFINES_MODULE = YES;
				DEVELOPMENT_TEAM = ZNT9B6HZSC;
				DYLIB_COMPATIBILITY_VERSION = 1;
				DYLIB_CURRENT_VERSION = 1;
				DYLIB_INSTALL_NAME_BASE = "@rpath";
				GENERATE_INFOPLIST_FILE = YES;
				INFOPLIST_KEY_NSHumanReadableCopyright = "";
				INSTALL_PATH = "$(LOCAL_LIBRARY_DIR)/Frameworks";
				IPHONEOS_DEPLOYMENT_TARGET = 12.1;
				LD_RUNPATH_SEARCH_PATHS = (
					"$(inherited)",
					"@executable_path/Frameworks",
					"@loader_path/Frameworks",
				);
				MACH_O_TYPE = staticlib;
				MARKETING_VERSION = 1.0;
				PRODUCT_BUNDLE_IDENTIFIER = Bing.chicho.SunionBluetoothTool;
				PRODUCT_NAME = "$(TARGET_NAME:c99extidentifier)";
				SKIP_INSTALL = YES;
				SUPPORTS_MACCATALYST = NO;
				SWIFT_EMIT_LOC_STRINGS = YES;
				SWIFT_VERSION = 5.0;
				TARGETED_DEVICE_FAMILY = 1;
			};
			name = Release;
		};
/* End XCBuildConfiguration section */

/* Begin XCConfigurationList section */
		99ACF27F29343BA300B35773 /* Build configuration list for PBXProject "SunionBluetoothTool" */ = {
			isa = XCConfigurationList;
			buildConfigurations = (
				99ACF28A29343BA300B35773 /* Debug */,
				99ACF28B29343BA300B35773 /* Release */,
			);
			defaultConfigurationIsVisible = 0;
			defaultConfigurationName = Release;
		};
		99ACF28C29343BA300B35773 /* Build configuration list for PBXNativeTarget "SunionBluetoothTool" */ = {
			isa = XCConfigurationList;
			buildConfigurations = (
				99ACF28D29343BA300B35773 /* Debug */,
				99ACF28E29343BA300B35773 /* Release */,
			);
			defaultConfigurationIsVisible = 0;
			defaultConfigurationName = Release;
		};
/* End XCConfigurationList section */

/* Begin XCRemoteSwiftPackageReference section */
		99ACF2A129343C4500B35773 /* XCRemoteSwiftPackageReference "SwiftyJSON" */ = {
			isa = XCRemoteSwiftPackageReference;
			repositoryURL = "https://github.com/SwiftyJSON/SwiftyJSON";
			requirement = {
				kind = exactVersion;
				version = 5.0.1;
			};
		};
		99ACF2A429343C5B00B35773 /* XCRemoteSwiftPackageReference "ObjectMapper" */ = {
			isa = XCRemoteSwiftPackageReference;
			repositoryURL = "https://github.com/tristanhimmelman/ObjectMapper";
			requirement = {
				kind = exactVersion;
				version = 4.2.0;
			};
		};
		99E3CA7729CD3BA70028CF2C /* XCRemoteSwiftPackageReference "CryptoSwift" */ = {
			isa = XCRemoteSwiftPackageReference;
			repositoryURL = "https://github.com/krzyzanowskim/CryptoSwift";
			requirement = {
				kind = exactVersion;
				version = 1.6.0;
			};
		};
/* End XCRemoteSwiftPackageReference section */

/* Begin XCSwiftPackageProductDependency section */
		99ACF2A229343C4500B35773 /* SwiftyJSON */ = {
			isa = XCSwiftPackageProductDependency;
			package = 99ACF2A129343C4500B35773 /* XCRemoteSwiftPackageReference "SwiftyJSON" */;
			productName = SwiftyJSON;
		};
		99ACF2A529343C5B00B35773 /* ObjectMapper */ = {
			isa = XCSwiftPackageProductDependency;
			package = 99ACF2A429343C5B00B35773 /* XCRemoteSwiftPackageReference "ObjectMapper" */;
			productName = ObjectMapper;
		};
		99E3CA7829CD3BA70028CF2C /* CryptoSwift */ = {
			isa = XCSwiftPackageProductDependency;
			package = 99E3CA7729CD3BA70028CF2C /* XCRemoteSwiftPackageReference "CryptoSwift" */;
			productName = CryptoSwift;
		};
/* End XCSwiftPackageProductDependency section */
	};
	rootObject = 99ACF27C29343BA300B35773 /* Project object */;
}
